
Microsoft Visual Studio Solution File, Format Version 12.00
# Visual Studio Version 16
VisualStudioVersion = 16.0.30717.126
MinimumVisualStudioVersion = 10.0.40219.1
Project("{FAE04EC0-301F-11D3-BF4B-00C04F79EFBC}") = "Wpf_Ui_TreeViews", "Wpf_Ui_TreeViews\Wpf_Ui_TreeViews.csproj", "{FC016E99-8E21-4CCC-A966-8B39567EC569}"
EndProject
Global
	GlobalSection(SolutionConfigurationPlatforms) = preSolution
		Debug|Any CPU = Debug|Any CPU
		Release|Any CPU = Release|Any CPU
	EndGlobalSection
	GlobalSection(ProjectConfigurationPlatforms) = postSolution
		{FC016E99-8E21-4CCC-A966-8B39567EC569}.Debug|Any CPU.ActiveCfg = Debug|Any CPU
		{FC016E99-8E21-4CCC-A966-8B39567EC569}.Debug|Any CPU.Build.0 = Debug|Any CPU
		{FC016E99-8E21-4CCC-A966-8B39567EC569}.Release|Any CPU.ActiveCfg = Release|Any CPU
		{FC016E99-8E21-4CCC-A966-8B39567EC569}.Release|Any CPU.Build.0 = Release|Any CPU
	EndGlobalSection
	GlobalSection(SolutionProperties) = preSolution
		HideSolutionNode = FALSE
	EndGlobalSection
	GlobalSection(ExtensibilityGlobals) = postSolution
		SolutionGuid = {303F42A1-047B-489D-B672-045E5DAD5581}
	EndGlobalSection
EndGlobal
